
Microsoft Visual Studio Solution File, Format Version 12.00
# Visual Studio Version 16
VisualStudioVersion = 16.0.32802.440
MinimumVisualStudioVersion = 10.0.40219.1
Project("{FAE04EC0-301F-11D3-BF4B-00C04F79EFBC}") = "WorkerService1", "WorkerService1\WorkerService1.csproj", "{1189304D-D3FD-453E-8524-71C93B397601}"
EndProject
Global
	GlobalSection(SolutionConfigurationPlatforms) = preSolution
		Debug|Any CPU = Debug|Any CPU
		Release|Any CPU = Release|Any CPU
	EndGlobalSection
	GlobalSection(ProjectConfigurationPlatforms) = postSolution
		{1189304D-D3FD-453E-8524-71C93B397601}.Debug|Any CPU.ActiveCfg = Debug|Any CPU
		{1189304D-D3FD-453E-8524-71C93B397601}.Debug|Any CPU.Build.0 = Debug|Any CPU
		{1189304D-D3FD-453E-8524-71C93B397601}.Release|Any CPU.ActiveCfg = Release|Any CPU
		{1189304D-D3FD-453E-8524-71C93B397601}.Release|Any CPU.Build.0 = Release|Any CPU
	EndGlobalSection
	GlobalSection(SolutionProperties) = preSolution
		HideSolutionNode = FALSE
	EndGlobalSection
	GlobalSection(ExtensibilityGlobals) = postSolution
		SolutionGuid = {8D0C0431-91F9-45A6-806C-59C2585E5F64}
	EndGlobalSection
EndGlobal
